{
  "requires": true,
  "lockfileVersion": 1,
  "dependencies": {
    "@glidejs/glide": {
      "version": "3.4.1",
      "resolved": "https://registry.npmjs.org/@glidejs/glide/-/glide-3.4.1.tgz",
      "integrity": "sha512-C34AEcK1HjSyxilRToUL54I6KAoodojUbeRlXoruobZuG0eGm8xfDL+3kgkWj7AJK4EZtunSOYfoqMp70eDtwg=="
    },
    "vue": {
      "version": "2.6.14",
      "resolved": "https://registry.npmjs.org/vue/-/vue-2.6.14.tgz",
      "integrity": "sha512-x2284lgYvjOMj3Za7kqzRcUSxBboHqtgRE2zlos1qWaOye5yUmHn42LB1250NJBLRwEcdrB0JRwyPTEPhfQjiQ=="
    },
    "vue-glide-js": {
      "version": "1.3.14",
      "resolved": "https://registry.npmjs.org/vue-glide-js/-/vue-glide-js-1.3.14.tgz",
      "integrity": "sha512-dgF+7pcsqNawU5nPE26MD7nMvfKD5zQjOE/e+xd2XccQ6GX83JYGiwAAbM1QlpA1X7Urp5aLqR214gfBunUnjw==",
      "requires": {
        "@glidejs/glide": "^3.2.4",
        "vue": "^2.5.16"
      }
    }
  }
}
